
Microsoft Visual Studio Solution File, Format Version 12.00
# Visual Studio Version 17
VisualStudioVersion = 17.5.33627.172
MinimumVisualStudioVersion = 10.0.40219.1
Project("{FAE04EC0-301F-11D3-BF4B-00C04F79EFBC}") = "Client", "Client\Client.csproj", "{AA8FFDB6-929D-49D2-ABC0-F6C07B872016}"
EndProject
Global
	GlobalSection(SolutionConfigurationPlatforms) = preSolution
		Debug|Any CPU = Debug|Any CPU
		Release|Any CPU = Release|Any CPU
	EndGlobalSection
	GlobalSection(ProjectConfigurationPlatforms) = postSolution
		{AA8FFDB6-929D-49D2-ABC0-F6C07B872016}.Debug|Any CPU.ActiveCfg = Debug|Any CPU
		{AA8FFDB6-929D-49D2-ABC0-F6C07B872016}.Debug|Any CPU.Build.0 = Debug|Any CPU
		{AA8FFDB6-929D-49D2-ABC0-F6C07B872016}.Release|Any CPU.ActiveCfg = Release|Any CPU
		{AA8FFDB6-929D-49D2-ABC0-F6C07B872016}.Release|Any CPU.Build.0 = Release|Any CPU
	EndGlobalSection
	GlobalSection(SolutionProperties) = preSolution
		HideSolutionNode = FALSE
	EndGlobalSection
	GlobalSection(ExtensibilityGlobals) = postSolution
		SolutionGuid = {914F8B49-58B6-4DF9-B317-CB73BA8940D5}
	EndGlobalSection
EndGlobal
