
Microsoft Visual Studio Solution File, Format Version 12.00
# Visual Studio Version 16
VisualStudioVersion = 16.0.33423.256
MinimumVisualStudioVersion = 10.0.40219.1
Project("{FAE04EC0-301F-11D3-BF4B-00C04F79EFBC}") = "Server", "Server\Server.csproj", "{447B0C20-C465-4F4C-8045-458CE4C15CCA}"
EndProject
Global
	GlobalSection(SolutionConfigurationPlatforms) = preSolution
		Debug|Any CPU = Debug|Any CPU
		Release|Any CPU = Release|Any CPU
	EndGlobalSection
	GlobalSection(ProjectConfigurationPlatforms) = postSolution
		{447B0C20-C465-4F4C-8045-458CE4C15CCA}.Debug|Any CPU.ActiveCfg = Debug|Any CPU
		{447B0C20-C465-4F4C-8045-458CE4C15CCA}.Debug|Any CPU.Build.0 = Debug|Any CPU
		{447B0C20-C465-4F4C-8045-458CE4C15CCA}.Release|Any CPU.ActiveCfg = Release|Any CPU
		{447B0C20-C465-4F4C-8045-458CE4C15CCA}.Release|Any CPU.Build.0 = Release|Any CPU
	EndGlobalSection
	GlobalSection(SolutionProperties) = preSolution
		HideSolutionNode = FALSE
	EndGlobalSection
	GlobalSection(ExtensibilityGlobals) = postSolution
		SolutionGuid = {B8F89F87-D082-4588-B0FC-4350FD710047}
	EndGlobalSection
EndGlobal
